
Microsoft Visual Studio Solution File, Format Version 12.00
# Visual Studio Version 16
VisualStudioVersion = 16.0.29926.136
MinimumVisualStudioVersion = 10.0.40219.1
Project("{FAE04EC0-301F-11D3-BF4B-00C04F79EFBC}") = "Cas60", "Cas60.csproj", "{C6FCA8AB-E56B-488B-8E60-9585A8774668}"
EndProject
Global
	GlobalSection(SolutionConfigurationPlatforms) = preSolution
		Debug|Any CPU = Debug|Any CPU
		Release|Any CPU = Release|Any CPU
	EndGlobalSection
	GlobalSection(ProjectConfigurationPlatforms) = postSolution
		{C6FCA8AB-E56B-488B-8E60-9585A8774668}.Debug|Any CPU.ActiveCfg = Debug|Any CPU
		{C6FCA8AB-E56B-488B-8E60-9585A8774668}.Debug|Any CPU.Build.0 = Debug|Any CPU
		{C6FCA8AB-E56B-488B-8E60-9585A8774668}.Release|Any CPU.ActiveCfg = Release|Any CPU
		{C6FCA8AB-E56B-488B-8E60-9585A8774668}.Release|Any CPU.Build.0 = Release|Any CPU
	EndGlobalSection
	GlobalSection(SolutionProperties) = preSolution
		HideSolutionNode = FALSE
	EndGlobalSection
	GlobalSection(ExtensibilityGlobals) = postSolution
		SolutionGuid = {D3B45B0F-10AB-4C3C-8F2B-C20FB7299D58}
	EndGlobalSection
EndGlobal
